
Microsoft Visual Studio Solution File, Format Version 12.00
# Visual Studio 15
VisualStudioVersion = 15.0.27703.2026
MinimumVisualStudioVersion = 10.0.40219.1
Project("{FAE04EC0-301F-11D3-BF4B-00C04F79EFBC}") = "Backend.Demo", "Backend.Demo\Backend.Demo.csproj", "{810C365D-73BC-493C-8B4D-331B9D81DA36}"
EndProject
Global
	GlobalSection(SolutionConfigurationPlatforms) = preSolution
		Debug|Any CPU = Debug|Any CPU
		Release|Any CPU = Release|Any CPU
	EndGlobalSection
	GlobalSection(ProjectConfigurationPlatforms) = postSolution
		{810C365D-73BC-493C-8B4D-331B9D81DA36}.Debug|Any CPU.ActiveCfg = Debug|Any CPU
		{810C365D-73BC-493C-8B4D-331B9D81DA36}.Debug|Any CPU.Build.0 = Debug|Any CPU
		{810C365D-73BC-493C-8B4D-331B9D81DA36}.Release|Any CPU.ActiveCfg = Release|Any CPU
		{810C365D-73BC-493C-8B4D-331B9D81DA36}.Release|Any CPU.Build.0 = Release|Any CPU
	EndGlobalSection
	GlobalSection(SolutionProperties) = preSolution
		HideSolutionNode = FALSE
	EndGlobalSection
	GlobalSection(ExtensibilityGlobals) = postSolution
		SolutionGuid = {195ED3B0-150B-47E5-B15C-E1CBA2FA500D}
	EndGlobalSection
EndGlobal
